
Microsoft Visual Studio Solution File, Format Version 12.00
# Visual Studio Version 17
VisualStudioVersion = 17.1.32210.238
MinimumVisualStudioVersion = 10.0.40219.1
Project("{FAE04EC0-301F-11D3-BF4B-00C04F79EFBC}") = "Domain", "Domain\Domain.csproj", "{B50D3CA0-ACF1-4E45-8CDE-2DA19831873B}"
EndProject
Project("{FAE04EC0-301F-11D3-BF4B-00C04F79EFBC}") = "Tests", "Tests\Tests.csproj", "{29CDD3B4-F9D6-4276-B71D-56874C690969}"
EndProject
Project("{FAE04EC0-301F-11D3-BF4B-00C04F79EFBC}") = "Api", "Api\Api.csproj", "{AC50187C-8015-440D-B449-200A1B3C4EDA}"
EndProject
Project("{FAE04EC0-301F-11D3-BF4B-00C04F79EFBC}") = "Application", "Application\Application.csproj", "{A4A8EF6B-98D3-4FD3-8356-0F2272A82A18}"
EndProject
Project("{FAE04EC0-301F-11D3-BF4B-00C04F79EFBC}") = "Persistence", "Persistence\Persistence.csproj", "{D2400EEF-5E89-40CB-9A41-8F43801F980F}"
EndProject
Project("{FAE04EC0-301F-11D3-BF4B-00C04F79EFBC}") = "Infrastructure", "Infrastructure\Infrastructure.csproj", "{3C4F842C-B975-434F-AD66-08735BA81C01}"
EndProject
Global
	GlobalSection(SolutionConfigurationPlatforms) = preSolution
		Debug|Any CPU = Debug|Any CPU
		Release|Any CPU = Release|Any CPU
	EndGlobalSection
	GlobalSection(ProjectConfigurationPlatforms) = postSolution
		{B50D3CA0-ACF1-4E45-8CDE-2DA19831873B}.Debug|Any CPU.ActiveCfg = Debug|Any CPU
		{B50D3CA0-ACF1-4E45-8CDE-2DA19831873B}.Debug|Any CPU.Build.0 = Debug|Any CPU
		{B50D3CA0-ACF1-4E45-8CDE-2DA19831873B}.Release|Any CPU.ActiveCfg = Release|Any CPU
		{B50D3CA0-ACF1-4E45-8CDE-2DA19831873B}.Release|Any CPU.Build.0 = Release|Any CPU
		{29CDD3B4-F9D6-4276-B71D-56874C690969}.Debug|Any CPU.ActiveCfg = Debug|Any CPU
		{29CDD3B4-F9D6-4276-B71D-56874C690969}.Debug|Any CPU.Build.0 = Debug|Any CPU
		{29CDD3B4-F9D6-4276-B71D-56874C690969}.Release|Any CPU.ActiveCfg = Release|Any CPU
		{29CDD3B4-F9D6-4276-B71D-56874C690969}.Release|Any CPU.Build.0 = Release|Any CPU
		{AC50187C-8015-440D-B449-200A1B3C4EDA}.Debug|Any CPU.ActiveCfg = Debug|Any CPU
		{AC50187C-8015-440D-B449-200A1B3C4EDA}.Debug|Any CPU.Build.0 = Debug|Any CPU
		{AC50187C-8015-440D-B449-200A1B3C4EDA}.Release|Any CPU.ActiveCfg = Release|Any CPU
		{AC50187C-8015-440D-B449-200A1B3C4EDA}.Release|Any CPU.Build.0 = Release|Any CPU
		{A4A8EF6B-98D3-4FD3-8356-0F2272A82A18}.Debug|Any CPU.ActiveCfg = Debug|Any CPU
		{A4A8EF6B-98D3-4FD3-8356-0F2272A82A18}.Debug|Any CPU.Build.0 = Debug|Any CPU
		{A4A8EF6B-98D3-4FD3-8356-0F2272A82A18}.Release|Any CPU.ActiveCfg = Release|Any CPU
		{A4A8EF6B-98D3-4FD3-8356-0F2272A82A18}.Release|Any CPU.Build.0 = Release|Any CPU
		{D2400EEF-5E89-40CB-9A41-8F43801F980F}.Debug|Any CPU.ActiveCfg = Debug|Any CPU
		{D2400EEF-5E89-40CB-9A41-8F43801F980F}.Debug|Any CPU.Build.0 = Debug|Any CPU
		{D2400EEF-5E89-40CB-9A41-8F43801F980F}.Release|Any CPU.ActiveCfg = Release|Any CPU
		{D2400EEF-5E89-40CB-9A41-8F43801F980F}.Release|Any CPU.Build.0 = Release|Any CPU
		{3C4F842C-B975-434F-AD66-08735BA81C01}.Debug|Any CPU.ActiveCfg = Debug|Any CPU
		{3C4F842C-B975-434F-AD66-08735BA81C01}.Debug|Any CPU.Build.0 = Debug|Any CPU
		{3C4F842C-B975-434F-AD66-08735BA81C01}.Release|Any CPU.ActiveCfg = Release|Any CPU
		{3C4F842C-B975-434F-AD66-08735BA81C01}.Release|Any CPU.Build.0 = Release|Any CPU
	EndGlobalSection
	GlobalSection(SolutionProperties) = preSolution
		HideSolutionNode = FALSE
	EndGlobalSection
	GlobalSection(ExtensibilityGlobals) = postSolution
		SolutionGuid = {61445B0B-B1A1-4873-AF0C-C3BA262FF48D}
	EndGlobalSection
EndGlobal
